
Microsoft Visual Studio Solution File, Format Version 12.00
Project("{FAE04EC0-301F-11D3-BF4B-00C04F79EFBC}") = "Tests", "Tests\Tests.csproj", "{190BA8F7-8E4D-4C69-9BCD-34375C34546F}"
EndProject
Project("{FAE04EC0-301F-11D3-BF4B-00C04F79EFBC}") = "epub-creator", "epub-creator\epub-creator.csproj", "{0811D390-E055-431C-BC4D-A266B210BCC7}"
EndProject
Project("{FAE04EC0-301F-11D3-BF4B-00C04F79EFBC}") = "epub2", "epub2\epub2.csproj", "{617CE04C-8D32-4B5A-9714-6A5F48CB909F}"
EndProject
Global
	GlobalSection(SolutionConfigurationPlatforms) = preSolution
		Debug|Any CPU = Debug|Any CPU
		Release|Any CPU = Release|Any CPU
	EndGlobalSection
	GlobalSection(ProjectConfigurationPlatforms) = postSolution
		{190BA8F7-8E4D-4C69-9BCD-34375C34546F}.Debug|Any CPU.ActiveCfg = Debug|Any CPU
		{190BA8F7-8E4D-4C69-9BCD-34375C34546F}.Debug|Any CPU.Build.0 = Debug|Any CPU
		{190BA8F7-8E4D-4C69-9BCD-34375C34546F}.Release|Any CPU.ActiveCfg = Release|Any CPU
		{190BA8F7-8E4D-4C69-9BCD-34375C34546F}.Release|Any CPU.Build.0 = Release|Any CPU
		{0811D390-E055-431C-BC4D-A266B210BCC7}.Debug|Any CPU.ActiveCfg = Debug|Any CPU
		{0811D390-E055-431C-BC4D-A266B210BCC7}.Debug|Any CPU.Build.0 = Debug|Any CPU
		{0811D390-E055-431C-BC4D-A266B210BCC7}.Release|Any CPU.ActiveCfg = Release|Any CPU
		{0811D390-E055-431C-BC4D-A266B210BCC7}.Release|Any CPU.Build.0 = Release|Any CPU
		{617CE04C-8D32-4B5A-9714-6A5F48CB909F}.Debug|Any CPU.ActiveCfg = Debug|Any CPU
		{617CE04C-8D32-4B5A-9714-6A5F48CB909F}.Debug|Any CPU.Build.0 = Debug|Any CPU
		{617CE04C-8D32-4B5A-9714-6A5F48CB909F}.Release|Any CPU.ActiveCfg = Release|Any CPU
		{617CE04C-8D32-4B5A-9714-6A5F48CB909F}.Release|Any CPU.Build.0 = Release|Any CPU
	EndGlobalSection
EndGlobal
